// !$*UTF8*$!
{
	archiveVersion = 1;
	classes = {
	};
	objectVersion = 56;
	objects = {

/* Begin PBXBuildFile section */
		A10000000000000000000001 /* Localization.swift in Sources */ = {isa = PBXBuildFile; fileRef = A20000000000000000000001 /* Localization.swift */; };
		A10000000000000000000002 /* LedgerlyV1App.swift in Sources */ = {isa = PBXBuildFile; fileRef = A20000000000000000000002 /* LedgerlyV1App.swift */; };
		A10000000000000000000003 /* Ledger.swift in Sources */ = {isa = PBXBuildFile; fileRef = A20000000000000000000003 /* Ledger.swift */; };
		A10000000000000000000004 /* LedgerStore.swift in Sources */ = {isa = PBXBuildFile; fileRef = A20000000000000000000004 /* LedgerStore.swift */; };
		A10000000000000000000005 /* Theme.swift in Sources */ = {isa = PBXBuildFile; fileRef = A20000000000000000000005 /* Theme.swift */; };
		A10000000000000000000006 /* InsightsView.swift in Sources */ = {isa = PBXBuildFile; fileRef = A20000000000000000000006 /* InsightsView.swift */; };
		A10000000000000000000007 /* MainShellView.swift in Sources */ = {isa = PBXBuildFile; fileRef = A20000000000000000000007 /* MainShellView.swift */; };
		A10000000000000000000008 /* OnboardingView.swift in Sources */ = {isa = PBXBuildFile; fileRef = A20000000000000000000008 /* OnboardingView.swift */; };
		A10000000000000000000009 /* RootView.swift in Sources */ = {isa = PBXBuildFile; fileRef = A20000000000000000000009 /* RootView.swift */; };
		A1000000000000000000000A /* SettingsViews.swift in Sources */ = {isa = PBXBuildFile; fileRef = A2000000000000000000000A /* SettingsViews.swift */; };
		A1000000000000000000000B /* TransactionViews.swift in Sources */ = {isa = PBXBuildFile; fileRef = A2000000000000000000000B /* TransactionViews.swift */; };
		A1000000000000000000000C /* Assets.xcassets in Resources */ = {isa = PBXBuildFile; fileRef = A2000000000000000000000C /* Assets.xcassets */; };
		A1000000000000000000000D /* LaunchScreen.storyboard in Resources */ = {isa = PBXBuildFile; fileRef = A2000000000000000000000D /* LaunchScreen.storyboard */; };
		A1000000000000000000000E /* Localizable.strings in Resources */ = {isa = PBXBuildFile; fileRef = A2000000000000000000000F /* Localizable.strings */; };
		A1000000000000000000000F /* LedgerlyV1Tests.swift in Sources */ = {isa = PBXBuildFile; fileRef = A20000000000000000000012 /* LedgerlyV1Tests.swift */; };
		A10000000000000000000010 /* LedgerlyV1UITests.swift in Sources */ = {isa = PBXBuildFile; fileRef = A20000000000000000000014 /* LedgerlyV1UITests.swift */; };
/* End PBXBuildFile section */

/* Begin PBXContainerItemProxy section */
		A30000000000000000000001 /* PBXContainerItemProxy */ = {
			isa = PBXContainerItemProxy;
			containerPortal = A40000000000000000000001 /* Project object */;
			proxyType = 1;
			remoteGlobalIDString = A50000000000000000000001;
			remoteInfo = LedgerlyV1;
		};
		A30000000000000000000002 /* PBXContainerItemProxy */ = {
			isa = PBXContainerItemProxy;
			containerPortal = A40000000000000000000001 /* Project object */;
			proxyType = 1;
			remoteGlobalIDString = A50000000000000000000001;
			remoteInfo = LedgerlyV1;
		};
/* End PBXContainerItemProxy section */

/* Begin PBXFileReference section */
		A20000000000000000000001 /* Localization.swift */ = {isa = PBXFileReference; lastKnownFileType = sourcecode.swift; path = Localization.swift; sourceTree = "<group>"; };
		A20000000000000000000002 /* LedgerlyV1App.swift */ = {isa = PBXFileReference; lastKnownFileType = sourcecode.swift; path = LedgerlyV1App.swift; sourceTree = "<group>"; };
		A20000000000000000000003 /* Ledger.swift */ = {isa = PBXFileReference; lastKnownFileType = sourcecode.swift; path = Ledger.swift; sourceTree = "<group>"; };
		A20000000000000000000004 /* LedgerStore.swift */ = {isa = PBXFileReference; lastKnownFileType = sourcecode.swift; path = LedgerStore.swift; sourceTree = "<group>"; };
		A20000000000000000000005 /* Theme.swift */ = {isa = PBXFileReference; lastKnownFileType = sourcecode.swift; path = Theme.swift; sourceTree = "<group>"; };
		A20000000000000000000006 /* InsightsView.swift */ = {isa = PBXFileReference; lastKnownFileType = sourcecode.swift; path = InsightsView.swift; sourceTree = "<group>"; };
		A20000000000000000000007 /* MainShellView.swift */ = {isa = PBXFileReference; lastKnownFileType = sourcecode.swift; path = MainShellView.swift; sourceTree = "<group>"; };
		A20000000000000000000008 /* OnboardingView.swift */ = {isa = PBXFileReference; lastKnownFileType = sourcecode.swift; path = OnboardingView.swift; sourceTree = "<group>"; };
		A20000000000000000000009 /* RootView.swift */ = {isa = PBXFileReference; lastKnownFileType = sourcecode.swift; path = RootView.swift; sourceTree = "<group>"; };
		A2000000000000000000000A /* SettingsViews.swift */ = {isa = PBXFileReference; lastKnownFileType = sourcecode.swift; path = SettingsViews.swift; sourceTree = "<group>"; };
		A2000000000000000000000B /* TransactionViews.swift */ = {isa = PBXFileReference; lastKnownFileType = sourcecode.swift; path = TransactionViews.swift; sourceTree = "<group>"; };
		A2000000000000000000000C /* Assets.xcassets */ = {isa = PBXFileReference; lastKnownFileType = folder.assetcatalog; path = Assets.xcassets; sourceTree = "<group>"; };
		A2000000000000000000000D /* LaunchScreen.storyboard */ = {isa = PBXFileReference; lastKnownFileType = file.storyboard; path = LaunchScreen.storyboard; sourceTree = "<group>"; };
		A2000000000000000000000E /* Info.plist */ = {isa = PBXFileReference; lastKnownFileType = text.plist.xml; path = Info.plist; sourceTree = "<group>"; };
		A2000000000000000000000F /* Localizable.strings */ = {isa = PBXVariantGroup; children = (A20000000000000000000010 /* en */, A20000000000000000000011 /* zh-Hant */); name = Localizable.strings; sourceTree = "<group>"; };
		A20000000000000000000010 /* en */ = {isa = PBXFileReference; lastKnownFileType = text.plist.strings; name = en; path = en.lproj/Localizable.strings; sourceTree = "<group>"; };
		A20000000000000000000011 /* zh-Hant */ = {isa = PBXFileReference; lastKnownFileType = text.plist.strings; name = zh-Hant; path = zh-Hant.lproj/Localizable.strings; sourceTree = "<group>"; };
		A20000000000000000000012 /* LedgerlyV1Tests.swift */ = {isa = PBXFileReference; lastKnownFileType = sourcecode.swift; path = LedgerlyV1Tests.swift; sourceTree = "<group>"; };
		A20000000000000000000013 /* Info.plist */ = {isa = PBXFileReference; lastKnownFileType = text.plist.xml; path = Info.plist; sourceTree = "<group>"; };
		A20000000000000000000014 /* LedgerlyV1UITests.swift */ = {isa = PBXFileReference; lastKnownFileType = sourcecode.swift; path = LedgerlyV1UITests.swift; sourceTree = "<group>"; };
		A20000000000000000000015 /* Info.plist */ = {isa = PBXFileReference; lastKnownFileType = text.plist.xml; path = Info.plist; sourceTree = "<group>"; };
		A20000000000000000000016 /* LedgerlyV1.app */ = {isa = PBXFileReference; explicitFileType = wrapper.application; includeInIndex = 0; path = LedgerlyV1.app; sourceTree = BUILT_PRODUCTS_DIR; };
		A20000000000000000000017 /* LedgerlyV1Tests.xctest */ = {isa = PBXFileReference; explicitFileType = wrapper.cfbundle; includeInIndex = 0; path = LedgerlyV1Tests.xctest; sourceTree = BUILT_PRODUCTS_DIR; };
		A20000000000000000000018 /* LedgerlyV1UITests.xctest */ = {isa = PBXFileReference; explicitFileType = wrapper.cfbundle; includeInIndex = 0; path = LedgerlyV1UITests.xctest; sourceTree = BUILT_PRODUCTS_DIR; };
/* End PBXFileReference section */

/* Begin PBXFrameworksBuildPhase section */
		A60000000000000000000001 /* Frameworks */ = {
			isa = PBXFrameworksBuildPhase;
			buildActionMask = 2147483647;
			files = ();
			runOnlyForDeploymentPostprocessing = 0;
		};
		A60000000000000000000002 /* Frameworks */ = {
			isa = PBXFrameworksBuildPhase;
			buildActionMask = 2147483647;
			files = ();
			runOnlyForDeploymentPostprocessing = 0;
		};
		A60000000000000000000003 /* Frameworks */ = {
			isa = PBXFrameworksBuildPhase;
			buildActionMask = 2147483647;
			files = ();
			runOnlyForDeploymentPostprocessing = 0;
		};
/* End PBXFrameworksBuildPhase section */

/* Begin PBXGroup section */
		A70000000000000000000001 /* LedgerlyV1 */ = {
			isa = PBXGroup;
			children = (
				A70000000000000000000002 /* App */,
				A70000000000000000000003 /* Domain */,
				A70000000000000000000004 /* Persistence */,
				A70000000000000000000005 /* DesignSystem */,
				A70000000000000000000006 /* Features */,
				A70000000000000000000007 /* Resources */,
				A70000000000000000000008 /* LedgerlyV1Tests */,
				A70000000000000000000009 /* LedgerlyV1UITests */,
				A7000000000000000000000A /* Products */,
			);
			sourceTree = "<group>";
		};
		A70000000000000000000002 /* App */ = {isa = PBXGroup; children = (A20000000000000000000001 /* Localization.swift */, A20000000000000000000002 /* LedgerlyV1App.swift */); path = App; sourceTree = "<group>"; };
		A70000000000000000000003 /* Domain */ = {isa = PBXGroup; children = (A20000000000000000000003 /* Ledger.swift */); path = Domain; sourceTree = "<group>"; };
		A70000000000000000000004 /* Persistence */ = {isa = PBXGroup; children = (A20000000000000000000004 /* LedgerStore.swift */); path = Persistence; sourceTree = "<group>"; };
		A70000000000000000000005 /* DesignSystem */ = {isa = PBXGroup; children = (A20000000000000000000005 /* Theme.swift */); path = DesignSystem; sourceTree = "<group>"; };
		A70000000000000000000006 /* Features */ = {isa = PBXGroup; children = (A20000000000000000000006 /* InsightsView.swift */, A20000000000000000000007 /* MainShellView.swift */, A20000000000000000000008 /* OnboardingView.swift */, A20000000000000000000009 /* RootView.swift */, A2000000000000000000000A /* SettingsViews.swift */, A2000000000000000000000B /* TransactionViews.swift */); path = Features; sourceTree = "<group>"; };
		A70000000000000000000007 /* Resources */ = {isa = PBXGroup; children = (A2000000000000000000000C /* Assets.xcassets */, A2000000000000000000000D /* LaunchScreen.storyboard */, A2000000000000000000000E /* Info.plist */, A2000000000000000000000F /* Localizable.strings */); path = Resources; sourceTree = "<group>"; };
		A70000000000000000000008 /* LedgerlyV1Tests */ = {isa = PBXGroup; children = (A20000000000000000000012 /* LedgerlyV1Tests.swift */, A20000000000000000000013 /* Info.plist */); path = LedgerlyV1Tests; sourceTree = "<group>"; };
		A70000000000000000000009 /* LedgerlyV1UITests */ = {isa = PBXGroup; children = (A20000000000000000000014 /* LedgerlyV1UITests.swift */, A20000000000000000000015 /* Info.plist */); path = LedgerlyV1UITests; sourceTree = "<group>"; };
		A7000000000000000000000A /* Products */ = {isa = PBXGroup; children = (A20000000000000000000016 /* LedgerlyV1.app */, A20000000000000000000017 /* LedgerlyV1Tests.xctest */, A20000000000000000000018 /* LedgerlyV1UITests.xctest */); name = Products; sourceTree = "<group>"; };
/* End PBXGroup section */

/* Begin PBXNativeTarget section */
		A50000000000000000000001 /* LedgerlyV1 */ = {
			isa = PBXNativeTarget;
			buildConfigurationList = A80000000000000000000001 /* Build configuration list for PBXNativeTarget "LedgerlyV1" */;
			buildPhases = (A60000000000000000000001 /* Frameworks */, A90000000000000000000001 /* Sources */, AA0000000000000000000001 /* Resources */);
			buildRules = ();
			dependencies = ();
			name = LedgerlyV1;
			productName = LedgerlyV1;
			productReference = A20000000000000000000016 /* LedgerlyV1.app */;
			productType = "com.apple.product-type.application";
		};
		A50000000000000000000002 /* LedgerlyV1Tests */ = {
			isa = PBXNativeTarget;
			buildConfigurationList = A80000000000000000000002 /* Build configuration list for PBXNativeTarget "LedgerlyV1Tests" */;
			buildPhases = (A60000000000000000000002 /* Frameworks */, A90000000000000000000002 /* Sources */);
			buildRules = ();
			dependencies = (AB0000000000000000000001 /* PBXTargetDependency */);
			name = LedgerlyV1Tests;
			productName = LedgerlyV1Tests;
			productReference = A20000000000000000000017 /* LedgerlyV1Tests.xctest */;
			productType = "com.apple.product-type.bundle.unit-test";
		};
		A50000000000000000000003 /* LedgerlyV1UITests */ = {
			isa = PBXNativeTarget;
			buildConfigurationList = A80000000000000000000003 /* Build configuration list for PBXNativeTarget "LedgerlyV1UITests" */;
			buildPhases = (A60000000000000000000003 /* Frameworks */, A90000000000000000000003 /* Sources */);
			buildRules = ();
			dependencies = (AB0000000000000000000002 /* PBXTargetDependency */);
			name = LedgerlyV1UITests;
			productName = LedgerlyV1UITests;
			productReference = A20000000000000000000018 /* LedgerlyV1UITests.xctest */;
			productType = "com.apple.product-type.bundle.ui-testing";
		};
/* End PBXNativeTarget section */

/* Begin PBXProject section */
		A40000000000000000000001 /* Project object */ = {
			isa = PBXProject;
			attributes = {
				LastUpgradeCheck = 1540;
				TargetAttributes = {
					A50000000000000000000001 = { CreatedOnToolsVersion = 15.4; };
					A50000000000000000000002 = { CreatedOnToolsVersion = 15.4; TestTargetID = A50000000000000000000001; };
					A50000000000000000000003 = { CreatedOnToolsVersion = 15.4; TestTargetID = A50000000000000000000001; };
				};
			};
			buildConfigurationList = A80000000000000000000004 /* Build configuration list for PBXProject "LedgerlyV1" */;
			compatibilityVersion = "Xcode 14.0";
			developmentRegion = en;
			hasScannedForEncodings = 0;
			knownRegions = (en, zh-Hant, Base);
			mainGroup = A70000000000000000000001;
			productRefGroup = A7000000000000000000000A /* Products */;
			projectDirPath = "";
			projectRoot = "";
			targets = (A50000000000000000000001 /* LedgerlyV1 */, A50000000000000000000002 /* LedgerlyV1Tests */, A50000000000000000000003 /* LedgerlyV1UITests */);
		};
/* End PBXProject section */

/* Begin PBXResourcesBuildPhase section */
		AA0000000000000000000001 /* Resources */ = {
			isa = PBXResourcesBuildPhase;
			buildActionMask = 2147483647;
			files = (A1000000000000000000000C /* Assets.xcassets in Resources */, A1000000000000000000000D /* LaunchScreen.storyboard in Resources */, A1000000000000000000000E /* Localizable.strings in Resources */);
			runOnlyForDeploymentPostprocessing = 0;
		};
/* End PBXResourcesBuildPhase section */

/* Begin PBXSourcesBuildPhase section */
		A90000000000000000000001 /* Sources */ = {isa = PBXSourcesBuildPhase; buildActionMask = 2147483647; files = (A10000000000000000000001 /* Localization.swift in Sources */, A10000000000000000000002 /* LedgerlyV1App.swift in Sources */, A10000000000000000000003 /* Ledger.swift in Sources */, A10000000000000000000004 /* LedgerStore.swift in Sources */, A10000000000000000000005 /* Theme.swift in Sources */, A10000000000000000000006 /* InsightsView.swift in Sources */, A10000000000000000000007 /* MainShellView.swift in Sources */, A10000000000000000000008 /* OnboardingView.swift in Sources */, A10000000000000000000009 /* RootView.swift in Sources */, A1000000000000000000000A /* SettingsViews.swift in Sources */, A1000000000000000000000B /* TransactionViews.swift in Sources */); runOnlyForDeploymentPostprocessing = 0; };
		A90000000000000000000002 /* Sources */ = {isa = PBXSourcesBuildPhase; buildActionMask = 2147483647; files = (A1000000000000000000000F /* LedgerlyV1Tests.swift in Sources */); runOnlyForDeploymentPostprocessing = 0; };
		A90000000000000000000003 /* Sources */ = {isa = PBXSourcesBuildPhase; buildActionMask = 2147483647; files = (A10000000000000000000010 /* LedgerlyV1UITests.swift in Sources */); runOnlyForDeploymentPostprocessing = 0; };
/* End PBXSourcesBuildPhase section */

/* Begin PBXTargetDependency section */
		AB0000000000000000000001 /* PBXTargetDependency */ = { isa = PBXTargetDependency; target = A50000000000000000000001 /* LedgerlyV1 */; targetProxy = A30000000000000000000001 /* PBXContainerItemProxy */; };
		AB0000000000000000000002 /* PBXTargetDependency */ = { isa = PBXTargetDependency; target = A50000000000000000000001 /* LedgerlyV1 */; targetProxy = A30000000000000000000002 /* PBXContainerItemProxy */; };
/* End PBXTargetDependency section */

/* Begin XCBuildConfiguration section */
		AC0000000000000000000001 /* Debug */ = { isa = XCBuildConfiguration; buildSettings = { CLANG_ENABLE_MODULES = YES; IPHONEOS_DEPLOYMENT_TARGET = 17.0; SDKROOT = iphoneos; }; name = Debug; };
		AC0000000000000000000002 /* Release */ = { isa = XCBuildConfiguration; buildSettings = { CLANG_ENABLE_MODULES = YES; IPHONEOS_DEPLOYMENT_TARGET = 17.0; SDKROOT = iphoneos; }; name = Release; };
		AC0000000000000000000003 /* Debug */ = { isa = XCBuildConfiguration; buildSettings = { ASSETCATALOG_COMPILER_APPICON_NAME = AppIcon; CODE_SIGNING_ALLOWED = NO; CODE_SIGNING_REQUIRED = NO; ENABLE_TESTABILITY = YES; INFOPLIST_FILE = Resources/Info.plist; IPHONEOS_DEPLOYMENT_TARGET = 17.0; PRODUCT_BUNDLE_IDENTIFIER = com.ledgerly.v1; PRODUCT_NAME = LedgerlyV1; SWIFT_VERSION = 5.0; SWIFT_EMIT_LOC_STRINGS = YES; TARGETED_DEVICE_FAMILY = 1; }; name = Debug; };
		AC0000000000000000000004 /* Release */ = { isa = XCBuildConfiguration; buildSettings = { ASSETCATALOG_COMPILER_APPICON_NAME = AppIcon; CODE_SIGNING_ALLOWED = NO; CODE_SIGNING_REQUIRED = NO; INFOPLIST_FILE = Resources/Info.plist; IPHONEOS_DEPLOYMENT_TARGET = 17.0; PRODUCT_BUNDLE_IDENTIFIER = com.ledgerly.v1; PRODUCT_NAME = LedgerlyV1; SWIFT_VERSION = 5.0; SWIFT_EMIT_LOC_STRINGS = YES; TARGETED_DEVICE_FAMILY = 1; }; name = Release; };
		AC0000000000000000000005 /* Debug */ = { isa = XCBuildConfiguration; buildSettings = { BUNDLE_LOADER = "$(TEST_HOST)"; CODE_SIGNING_ALLOWED = NO; CODE_SIGNING_REQUIRED = NO; INFOPLIST_FILE = LedgerlyV1Tests/Info.plist; IPHONEOS_DEPLOYMENT_TARGET = 17.0; PRODUCT_BUNDLE_IDENTIFIER = com.ledgerly.v1.tests; PRODUCT_NAME = LedgerlyV1Tests; SWIFT_VERSION = 5.0; TEST_HOST = "$(BUILT_PRODUCTS_DIR)/LedgerlyV1.app/$(BUNDLE_EXECUTABLE_FOLDER_PATH)/LedgerlyV1"; }; name = Debug; };
		AC0000000000000000000006 /* Release */ = { isa = XCBuildConfiguration; buildSettings = { BUNDLE_LOADER = "$(TEST_HOST)"; CODE_SIGNING_ALLOWED = NO; CODE_SIGNING_REQUIRED = NO; INFOPLIST_FILE = LedgerlyV1Tests/Info.plist; IPHONEOS_DEPLOYMENT_TARGET = 17.0; PRODUCT_BUNDLE_IDENTIFIER = com.ledgerly.v1.tests; PRODUCT_NAME = LedgerlyV1Tests; SWIFT_VERSION = 5.0; TEST_HOST = "$(BUILT_PRODUCTS_DIR)/LedgerlyV1.app/$(BUNDLE_EXECUTABLE_FOLDER_PATH)/LedgerlyV1"; }; name = Release; };
		AC0000000000000000000007 /* Debug */ = { isa = XCBuildConfiguration; buildSettings = { CODE_SIGNING_ALLOWED = NO; CODE_SIGNING_REQUIRED = NO; INFOPLIST_FILE = LedgerlyV1UITests/Info.plist; IPHONEOS_DEPLOYMENT_TARGET = 17.0; PRODUCT_BUNDLE_IDENTIFIER = com.ledgerly.v1.uitests; PRODUCT_NAME = LedgerlyV1UITests; SWIFT_VERSION = 5.0; TEST_TARGET_NAME = LedgerlyV1; TARGETED_DEVICE_FAMILY = 1; }; name = Debug; };
		AC0000000000000000000008 /* Release */ = { isa = XCBuildConfiguration; buildSettings = { CODE_SIGNING_ALLOWED = NO; CODE_SIGNING_REQUIRED = NO; INFOPLIST_FILE = LedgerlyV1UITests/Info.plist; IPHONEOS_DEPLOYMENT_TARGET = 17.0; PRODUCT_BUNDLE_IDENTIFIER = com.ledgerly.v1.uitests; PRODUCT_NAME = LedgerlyV1UITests; SWIFT_VERSION = 5.0; TEST_TARGET_NAME = LedgerlyV1; TARGETED_DEVICE_FAMILY = 1; }; name = Release; };
/* End XCBuildConfiguration section */

/* Begin XCConfigurationList section */
		A80000000000000000000001 /* Build configuration list for PBXNativeTarget "LedgerlyV1" */ = { isa = XCConfigurationList; buildConfigurations = (AC0000000000000000000003 /* Debug */, AC0000000000000000000004 /* Release */); defaultConfigurationIsVisible = 0; defaultConfigurationName = Release; };
		A80000000000000000000002 /* Build configuration list for PBXNativeTarget "LedgerlyV1Tests" */ = { isa = XCConfigurationList; buildConfigurations = (AC0000000000000000000005 /* Debug */, AC0000000000000000000006 /* Release */); defaultConfigurationIsVisible = 0; defaultConfigurationName = Release; };
		A80000000000000000000003 /* Build configuration list for PBXNativeTarget "LedgerlyV1UITests" */ = { isa = XCConfigurationList; buildConfigurations = (AC0000000000000000000007 /* Debug */, AC0000000000000000000008 /* Release */); defaultConfigurationIsVisible = 0; defaultConfigurationName = Release; };
		A80000000000000000000004 /* Build configuration list for PBXProject "LedgerlyV1" */ = { isa = XCConfigurationList; buildConfigurations = (AC0000000000000000000001 /* Debug */, AC0000000000000000000002 /* Release */); defaultConfigurationIsVisible = 0; defaultConfigurationName = Release; };
/* End XCConfigurationList section */
	};
	rootObject = A40000000000000000000001 /* Project object */;
}
